
Microsoft Visual Studio Solution File, Format Version 12.00
# Visual Studio 2012
Project("{FAE04EC0-301F-11D3-BF4B-00C04F79EFBC}") = "DotEnv.Specs", "DotEnv.Specs\DotEnv.Specs.csproj", "{4493039B-0E37-4CED-B115-9CC3E6B0EF48}"
EndProject
Project("{FAE04EC0-301F-11D3-BF4B-00C04F79EFBC}") = "DotEnv", "DotEnv\DotEnv.csproj", "{96458ACF-2ADF-4FC0-A7B4-15E4805ACD8F}"
EndProject
Global
	GlobalSection(SolutionConfigurationPlatforms) = preSolution
		Debug|Any CPU = Debug|Any CPU
		Release|Any CPU = Release|Any CPU
	EndGlobalSection
	GlobalSection(ProjectConfigurationPlatforms) = postSolution
		{4493039B-0E37-4CED-B115-9CC3E6B0EF48}.Debug|Any CPU.ActiveCfg = Debug|Any CPU
		{4493039B-0E37-4CED-B115-9CC3E6B0EF48}.Debug|Any CPU.Build.0 = Debug|Any CPU
		{4493039B-0E37-4CED-B115-9CC3E6B0EF48}.Release|Any CPU.ActiveCfg = Release|Any CPU
		{4493039B-0E37-4CED-B115-9CC3E6B0EF48}.Release|Any CPU.Build.0 = Release|Any CPU
		{96458ACF-2ADF-4FC0-A7B4-15E4805ACD8F}.Debug|Any CPU.ActiveCfg = Debug|Any CPU
		{96458ACF-2ADF-4FC0-A7B4-15E4805ACD8F}.Debug|Any CPU.Build.0 = Debug|Any CPU
		{96458ACF-2ADF-4FC0-A7B4-15E4805ACD8F}.Release|Any CPU.ActiveCfg = Release|Any CPU
		{96458ACF-2ADF-4FC0-A7B4-15E4805ACD8F}.Release|Any CPU.Build.0 = Release|Any CPU
	EndGlobalSection
	GlobalSection(SolutionProperties) = preSolution
		HideSolutionNode = FALSE
	EndGlobalSection
EndGlobal
